
Microsoft Visual Studio Solution File, Format Version 12.00
# Visual Studio Version 17
VisualStudioVersion = 17.1.32228.430
MinimumVisualStudioVersion = 10.0.40219.1
Project("{9A19103F-16F7-4668-BE54-9A1E7A4F7556}") = "OAProjects.API", "OAProjects.API\OAProjects.API.csproj", "{9CAAB6BE-6D7E-4385-AD3C-9FB07BB6A416}"
EndProject
Project("{9A19103F-16F7-4668-BE54-9A1E7A4F7556}") = "OAProjects.Data", "OAProjects.Data\OAProjects.Data.csproj", "{7D797700-C7DC-454E-A6D9-08F159C6B91D}"
EndProject
Project("{9A19103F-16F7-4668-BE54-9A1E7A4F7556}") = "OAProjects.Models", "OAProjects.Models\OAProjects.Models.csproj", "{87EB8399-6FA8-44A2-9859-D9778385F2A1}"
EndProject
Project("{9A19103F-16F7-4668-BE54-9A1E7A4F7556}") = "OAProjects.Store", "OAProjects.Store\OAProjects.Store.csproj", "{91F41921-1BD2-4E17-A562-4E0AEE11B8EA}"
EndProject
Project("{FAE04EC0-301F-11D3-BF4B-00C04F79EFBC}") = "OAProjects.Import", "OAProjects.Import\OAProjects.Import.csproj", "{4687957F-C9B4-4F6F-B571-92E88FD92D3C}"
EndProject
Global
	GlobalSection(SolutionConfigurationPlatforms) = preSolution
		Debug|Any CPU = Debug|Any CPU
		Release|Any CPU = Release|Any CPU
	EndGlobalSection
	GlobalSection(ProjectConfigurationPlatforms) = postSolution
		{9CAAB6BE-6D7E-4385-AD3C-9FB07BB6A416}.Debug|Any CPU.ActiveCfg = Debug|Any CPU
		{9CAAB6BE-6D7E-4385-AD3C-9FB07BB6A416}.Debug|Any CPU.Build.0 = Debug|Any CPU
		{9CAAB6BE-6D7E-4385-AD3C-9FB07BB6A416}.Release|Any CPU.ActiveCfg = Release|Any CPU
		{9CAAB6BE-6D7E-4385-AD3C-9FB07BB6A416}.Release|Any CPU.Build.0 = Release|Any CPU
		{7D797700-C7DC-454E-A6D9-08F159C6B91D}.Debug|Any CPU.ActiveCfg = Debug|Any CPU
		{7D797700-C7DC-454E-A6D9-08F159C6B91D}.Debug|Any CPU.Build.0 = Debug|Any CPU
		{7D797700-C7DC-454E-A6D9-08F159C6B91D}.Release|Any CPU.ActiveCfg = Release|Any CPU
		{7D797700-C7DC-454E-A6D9-08F159C6B91D}.Release|Any CPU.Build.0 = Release|Any CPU
		{87EB8399-6FA8-44A2-9859-D9778385F2A1}.Debug|Any CPU.ActiveCfg = Debug|Any CPU
		{87EB8399-6FA8-44A2-9859-D9778385F2A1}.Debug|Any CPU.Build.0 = Debug|Any CPU
		{87EB8399-6FA8-44A2-9859-D9778385F2A1}.Release|Any CPU.ActiveCfg = Release|Any CPU
		{87EB8399-6FA8-44A2-9859-D9778385F2A1}.Release|Any CPU.Build.0 = Release|Any CPU
		{91F41921-1BD2-4E17-A562-4E0AEE11B8EA}.Debug|Any CPU.ActiveCfg = Debug|Any CPU
		{91F41921-1BD2-4E17-A562-4E0AEE11B8EA}.Debug|Any CPU.Build.0 = Debug|Any CPU
		{91F41921-1BD2-4E17-A562-4E0AEE11B8EA}.Release|Any CPU.ActiveCfg = Release|Any CPU
		{91F41921-1BD2-4E17-A562-4E0AEE11B8EA}.Release|Any CPU.Build.0 = Release|Any CPU
		{4687957F-C9B4-4F6F-B571-92E88FD92D3C}.Debug|Any CPU.ActiveCfg = Debug|Any CPU
		{4687957F-C9B4-4F6F-B571-92E88FD92D3C}.Debug|Any CPU.Build.0 = Debug|Any CPU
		{4687957F-C9B4-4F6F-B571-92E88FD92D3C}.Release|Any CPU.ActiveCfg = Release|Any CPU
		{4687957F-C9B4-4F6F-B571-92E88FD92D3C}.Release|Any CPU.Build.0 = Release|Any CPU
	EndGlobalSection
	GlobalSection(SolutionProperties) = preSolution
		HideSolutionNode = FALSE
	EndGlobalSection
	GlobalSection(ExtensibilityGlobals) = postSolution
		SolutionGuid = {A2051CD9-335F-4AF4-B305-E6DF933E3CB8}
	EndGlobalSection
EndGlobal
